
Microsoft Visual Studio Solution File, Format Version 12.00
# Visual Studio Version 17
VisualStudioVersion = 17.6.33723.286
MinimumVisualStudioVersion = 10.0.40219.1
Project("{FAE04EC0-301F-11D3-BF4B-00C04F79EFBC}") = "HomeTaskerAPI", "HomeTaskerAPI\HomeTaskerAPI.csproj", "{01E55934-6560-4373-864E-B994B0E87F44}"
EndProject
Global
	GlobalSection(SolutionConfigurationPlatforms) = preSolution
		Debug|Any CPU = Debug|Any CPU
		Release|Any CPU = Release|Any CPU
	EndGlobalSection
	GlobalSection(ProjectConfigurationPlatforms) = postSolution
		{01E55934-6560-4373-864E-B994B0E87F44}.Debug|Any CPU.ActiveCfg = Debug|Any CPU
		{01E55934-6560-4373-864E-B994B0E87F44}.Debug|Any CPU.Build.0 = Debug|Any CPU
		{01E55934-6560-4373-864E-B994B0E87F44}.Release|Any CPU.ActiveCfg = Release|Any CPU
		{01E55934-6560-4373-864E-B994B0E87F44}.Release|Any CPU.Build.0 = Release|Any CPU
	EndGlobalSection
	GlobalSection(SolutionProperties) = preSolution
		HideSolutionNode = FALSE
	EndGlobalSection
	GlobalSection(ExtensibilityGlobals) = postSolution
		SolutionGuid = {F8197D22-7949-4141-B57E-D5E22F69255A}
	EndGlobalSection
EndGlobal
